version = 1
revision = 3
requires-python = ">=3.14"
resolution-markers = [
    "sys_platform != 'emscripten'",
    "sys_platform == 'emscripten'",
]

[[package]]
name = "cffi"
version = "2.1.1"
source = { registry = "https://pypi.org/simple" }
dependencies = [
    { name = "pycparser", marker = "implementation_name != 'PyPy'" },
]
sdist = { url = "https://files.pythonhosted.org/packages/9e/ef/008a1939e372c06329a3fce4279c02f328488f3526744906eeec3da7ad5f/cffi-2.1.1.tar.gz", hash = "sha256:dd31f52ea1086513bb9df30f8fcee9b8918323ae067a3d5b78bc826a000712be", size = 530807, upload-time = "2026-08-03T21:21:18.939Z" }
wheels = [
    { url = "https://files.pythonhosted.org/packages/d3/7b/d6bbf82b8b96e7391438898c42f5bd96dd02030fd5b64937d248220003e2/cffi-2.1.1-cp314-cp314-ios_13_0_arm64_iphoneos.whl", hash = "sha256:7dbb61fe3a7699468030f71bbe5f8a0e326a151daa91beb11a6fc1f980c55e1c", size = 194064, upload-time = "2026-08-03T21:20:17.148Z" },
    { url = "https://files.pythonhosted.org/packages/94/e6/bcc91b283be94735e268487a054004f0aa19947b6348fa367db53230abc8/cffi-2.1.1-cp314-cp314-ios_13_0_arm64_iphonesimulator.whl", hash = "sha256:f24fb43132a4c6b4cb4eb029492919b2db645be6808d738f244fd146c03c32cb", size = 196720, upload-time = "2026-08-03T21:20:18.268Z" },
    { url = "https://files.pythonhosted.org/packages/d9/99/c4b0c17cacdc9c3b8f280026286a9826d6a208c0f047591a3c3ce99b91fd/cffi-2.1.1-cp314-cp314-macosx_10_15_x86_64.whl", hash = "sha256:d28630f5854ab07ab1fd4aba756de52326c82e6be15d414b12793f1975048b54", size = 184964, upload-time = "2026-08-03T21:20:19.708Z" },
    { url = "https://files.pythonhosted.org/packages/b3/a9/9db617d05d7367c1ad0ab00b3aa6e6f9281edd689b4ee9ea0e5a84e89c97/cffi-2.1.1-cp314-cp314-macosx_11_0_arm64.whl", hash = "sha256:661c298b4821edebead0c91edd2b00374d67ad7c5a1f7a91d4442633b79d6a72", size = 184962, upload-time = "2026-08-03T21:20:20.833Z" },
    { url = "https://files.pythonhosted.org/packages/67/b8/b42132ca113dc567d37684437b46ca1dafc885902b02a110a02d5b511857/cffi-2.1.1-cp314-cp314-manylinux2014_aarch64.manylinux_2_17_aarch64.whl", hash = "sha256:58acb8ab8e295e6c5ea12f888cbb13cf21511ef2a3303a23f4325c29d17fe5c1", size = 222328, upload-time = "2026-08-03T21:20:22.118Z" },
    { url = "https://files.pythonhosted.org/packages/80/10/c5c0cbf0a657aecf59ef511409734230bf556f05a0d6c9eed7aa5c0a0166/cffi-2.1.1-cp314-cp314-manylinux2014_ppc64le.manylinux_2_17_ppc64le.whl", hash = "sha256:456a61fa52d579ebf9df2e9552ead5129855dbaff6c1e5a9b1bc408809bdc062", size = 209985, upload-time = "2026-08-03T21:20:23.401Z" },
    { url = "https://files.pythonhosted.org/packages/d5/6c/bfa0b87b03b9238148beca990292843c9396ba069b54496596594173de7b/cffi-2.1.1-cp314-cp314-manylinux2014_s390x.manylinux_2_17_s390x.whl", hash = "sha256:a4f00aa42f75d6e4595e8866e748cc1705adc0cddfeb2ca86d0d03993d63ba03", size = 208530, upload-time = "2026-08-03T21:20:24.628Z" },
    { url = "https://files.pythonhosted.org/packages/e9/02/4e7d553a7ac4b4238b38b3c1b80d486e9d4436f8d2acbf87a0997fe3f402/cffi-2.1.1-cp314-cp314-manylinux2014_x86_64.manylinux_2_17_x86_64.whl", hash = "sha256:b0431303acaea1089ad4b3e9ce4e6518193def1118d4073ca848635ee4ea2e96", size = 221525, upload-time = "2026-08-03T21:20:25.758Z" },
    { url = "https://files.pythonhosted.org/packages/82/1d/a4aaf9babd75acb4d5f223bff71533bee748dd770a382619a798960ee9ba/cffi-2.1.1-cp314-cp314-musllinux_1_2_aarch64.whl", hash = "sha256:64faea20f4e2613363a1a9b9c7dd73058f3ecd00133a511e72ad7c511658f527", size = 225053, upload-time = "2026-08-03T21:20:26.985Z" },
    { url = "https://files.pythonhosted.org/packages/81/10/5dc0e7bdd18e22107054288283380fc97a06ae3f1656a106908d666a3c88/cffi-2.1.1-cp314-cp314-musllinux_1_2_x86_64.whl", hash = "sha256:5c58fe613dc5e5336357eff555824a314d8e43282600435c8d1cb6a7a2fedd13", size = 223213, upload-time = "2026-08-03T21:20:28.277Z" },
    { url = "https://files.pythonhosted.org/packages/0b/e9/d0061c364cde06ee43168a0d076ac1da512cbc380d44767b844ba34fe2b6/cffi-2.1.1-cp314-cp314-win32.whl", hash = "sha256:1a18a57b58cfb21fc28d72e876acf10eaed67a1ed96226f92af4df681d571c4c", size = 177682, upload-time = "2026-08-03T21:20:44.288Z" },
    { url = "https://files.pythonhosted.org/packages/a7/06/1c3e01e3ba14c39f6d10bfbac52753b7e22259e38088e5cfe1d704918690/cffi-2.1.1-cp314-cp314-win_amd64.whl", hash = "sha256:3222ba5d678f80a030e6afbcc33dc1ae5cb45facabb61cee2c7016b8432fde48", size = 187949, upload-time = "2026-08-03T21:20:45.623Z" },
    { url = "https://files.pythonhosted.org/packages/87/5b/da4e39efe18eeb89cf580ea9cfc66b6a7c3eadb808fc0cc1d3a295cb5a5d/cffi-2.1.1-cp314-cp314-win_arm64.whl", hash = "sha256:ab36d55f9ed2d067327667c2fea18dda018eb628dd6347aa01dda6cf1f5d3836", size = 182947, upload-time = "2026-08-03T21:20:46.955Z" },
    { url = "https://files.pythonhosted.org/packages/23/59/40338bf421c5accea1d45158170c87006ef1cd371b05c077e76476949728/cffi-2.1.1-cp314-cp314t-macosx_10_15_x86_64.whl", hash = "sha256:7750c6449dff7864bb9bb27ddfb0267756189201a3afc911d82b3caacd70dfc3", size = 188504, upload-time = "2026-08-03T21:20:29.495Z" },
    { url = "https://files.pythonhosted.org/packages/7d/47/5ecf1023850036e674c77ec4de86182d309ae344e39e7cba984b7df5d647/cffi-2.1.1-cp314-cp314t-macosx_11_0_arm64.whl", hash = "sha256:0beceaabe56af686895136a2de78db54ecd8e4046b236b8fd6d6cb61389e9bf2", size = 188259, upload-time = "2026-08-03T21:20:31.291Z" },
    { url = "https://files.pythonhosted.org/packages/2a/9c/92934c3bea9f785b23eba304538c0b4d37a2a96d2431eb3a1bc87a11aa19/cffi-2.1.1-cp314-cp314t-manylinux2014_aarch64.manylinux_2_17_aarch64.whl", hash = "sha256:49cbc70e6542d4ccccb936558d1064a8012541e78f821f955cff24e357776c94", size = 223864, upload-time = "2026-08-03T21:20:32.571Z" },
    { url = "https://files.pythonhosted.org/packages/4d/45/ba4c93527bc38616a8bd36488acb69a2212d60486794f0c1f318949bbb76/cffi-2.1.1-cp314-cp314t-manylinux2014_ppc64le.manylinux_2_17_ppc64le.whl", hash = "sha256:e2d65b31f36619cda3999b78b2aa9632e76b78448e7a56fc4240824200e7c4fc", size = 211538, upload-time = "2026-08-03T21:20:33.808Z" },
    { url = "https://files.pythonhosted.org/packages/80/e9/b6ef565e452acb932fb0cb5443f44a78efbd1233e566f02b5a83855e9115/cffi-2.1.1-cp314-cp314t-manylinux2014_s390x.manylinux_2_17_s390x.whl", hash = "sha256:28907ab9bfb6aa13184cfc17c6b8e1023c5ab6fd7076d8c20a35e59fe04f8f29", size = 210688, upload-time = "2026-08-03T21:20:34.974Z" },
    { url = "https://files.pythonhosted.org/packages/9a/95/eff5f0cee78d2eabc7eebffec40d3fc1876b5f3c95582e018bb4b99601f2/cffi-2.1.1-cp314-cp314t-manylinux2014_x86_64.manylinux_2_17_x86_64.whl", hash = "sha256:51b31d1c98274844cfd7838ce00bfc27c7423a4dc00fc0772fc3331c2cc90676", size = 223803, upload-time = "2026-08-03T21:20:36.564Z" },
    { url = "https://files.pythonhosted.org/packages/fa/01/579d39fb8bef00a335a23d83757b44feb24cd6345a2c451b64cb67b9c362/cffi-2.1.1-cp314-cp314t-musllinux_1_2_aarch64.whl", hash = "sha256:5e7cecbaadb83884793e05828cee59b210b24583b9c7425d0ba6a754fe22eb4e", size = 226763, upload-time = "2026-08-03T21:20:37.816Z" },
    { url = "https://files.pythonhosted.org/packages/8d/b0/0b44f47c60b01b57b6e2bbd92343f13a85a1d93bc46ccf6e47e244acd99c/cffi-2.1.1-cp314-cp314t-musllinux_1_2_x86_64.whl", hash = "sha256:25792eac27877609e7bb06d42ff88278a6624fff2ba9bbb523c09616b117e80f", size = 225688, upload-time = "2026-08-03T21:20:38.959Z" },
    { url = "https://files.pythonhosted.org/packages/eb/d2/3b7176cb570a1d3e27faf67b72f591af508036e0d8b2be2ef9af9e8c84bb/cffi-2.1.1-cp314-cp314t-win32.whl", hash = "sha256:8ef53b2de9bcb9197d31854256575d59dbac0cba72ac627bb291ef5eceb74be4", size = 182868, upload-time = "2026-08-03T21:20:40.388Z" },
    { url = "https://files.pythonhosted.org/packages/56/78/31f00c1bcd97c9bbf55f1bfdf5bc809a5de8887473e90bb9960dca825e80/cffi-2.1.1-cp314-cp314t-win_amd64.whl", hash = "sha256:616f097f2fe415bc92a247f02e11f634e1f9e9a83d327e3c915c15089c87869e", size = 194104, upload-time = "2026-08-03T21:20:41.725Z" },
    { url = "https://files.pythonhosted.org/packages/7b/1b/58496f2ed0a35de575250c02a43ab3cc2c04d494a88fed31c1cabc0fd176/cffi-2.1.1-cp314-cp314t-win_arm64.whl", hash = "sha256:ad2c86c495b899d862ea0f4b42891b8713a3bd45dd4105c7fd51c2a72f39f3a5", size = 186402, upload-time = "2026-08-03T21:20:43.042Z" },
    { url = "https://files.pythonhosted.org/packages/c1/8f/9ebe220eab48a093d1a5a5e339ab0dc7316eef3bb04d63c42f0251b61f50/cffi-2.1.1-cp315-cp315-ios_13_0_arm64_iphoneos.whl", hash = "sha256:dddad92b554513a31f272570678ba307fb9f618f05e3d4a5eacafff9eae03e1d", size = 194043, upload-time = "2026-08-03T21:20:48.179Z" },
    { url = "https://files.pythonhosted.org/packages/ff/69/844bad3ece306c4782c2ecb93597035b6690d48704b803914c199da1e8b3/cffi-2.1.1-cp315-cp315-ios_13_0_arm64_iphonesimulator.whl", hash = "sha256:da0e573f9f97159390c89d9f1a9e41908b66d408cc5b58d08cf3847d844c531b", size = 196737, upload-time = "2026-08-03T21:20:49.457Z" },
    { url = "https://files.pythonhosted.org/packages/1b/8a/af668013284634733f02d683458a0728739c7d6ddb5e14cb0c20832266fe/cffi-2.1.1-cp315-cp315-macosx_10_15_x86_64.whl", hash = "sha256:fb92203a88b3d3053034db775110081c49d28be6551923805e039924093761e4", size = 184933, upload-time = "2026-08-03T21:20:50.639Z" },
    { url = "https://files.pythonhosted.org/packages/0c/75/2f5207ff6d1a613133b23a5203cc0c2a628313b5eb3974d7956ae3c57950/cffi-2.1.1-cp315-cp315-macosx_11_0_arm64.whl", hash = "sha256:2ae64be792b8966f2c69538199728b290e34726562896df1e5dc8ffd8d8188e8", size = 185002, upload-time = "2026-08-03T21:20:52.173Z" },
    { url = "https://files.pythonhosted.org/packages/e2/31/9e1313b0a6e30e91b3b3d3fff51ae99c857c07738e3afcce1f7334e1b7ab/cffi-2.1.1-cp315-cp315-manylinux2014_aarch64.manylinux_2_17_aarch64.whl", hash = "sha256:507a24c282e0f42f8ed737cf048572cbf580468da5555764a8331735e9c736b6", size = 222271, upload-time = "2026-08-03T21:20:53.462Z" },
    { url = "https://files.pythonhosted.org/packages/50/e3/f6234a833e6e08c7007003074723c406559eecf9b48dfc97471e5a8eb7a0/cffi-2.1.1-cp315-cp315-manylinux2014_ppc64le.manylinux_2_17_ppc64le.whl", hash = "sha256:246fa40ce8645a614ff682e0b70f37134e460eaf93a775e0cbe3cca585a67a80", size = 209919, upload-time = "2026-08-03T21:20:54.783Z" },
    { url = "https://files.pythonhosted.org/packages/0d/fc/5f74e293fced6edb51af3a46c4ccf6c23c9943774ecb375ddbd522c76add/cffi-2.1.1-cp315-cp315-manylinux2014_s390x.manylinux_2_17_s390x.whl", hash = "sha256:471cee653ae88de62096552e6d24ccb4a5adb8c8c9f10b5054d0122c15bf2779", size = 208529, upload-time = "2026-08-03T21:20:56.066Z" },
    { url = "https://files.pythonhosted.org/packages/44/16/29e6d01b388bef055ecd6ca8244b3f4d336bd09e92d5d892187b9601084e/cffi-2.1.1-cp315-cp315-manylinux2014_x86_64.manylinux_2_17_x86_64.whl", hash = "sha256:aeae0e330c9f6acd681f647d46cefd30c29f93e3392882e792e82080c9691399", size = 221630, upload-time = "2026-08-03T21:20:57.336Z" },
    { url = "https://files.pythonhosted.org/packages/a4/18/fa7f1f6857d5eb88a4ca99ffcbfb7c387a287ccc154c64a73e86314745d7/cffi-2.1.1-cp315-cp315-musllinux_1_2_aarch64.whl", hash = "sha256:42a494cee34437f05546455144f2b5d9ac09b1face62bcfce597d2e521066688", size = 225134, upload-time = "2026-08-03T21:20:58.675Z" },
    { url = "https://files.pythonhosted.org/packages/e0/9f/e8e3dfa04a1b4c241f8c91faacad872b4d4efd051d49764ad4e2fd4b9fea/cffi-2.1.1-cp315-cp315-musllinux_1_2_x86_64.whl", hash = "sha256:cc572dace3f60ef98d7b12ff411d20f5362feb31a0439eab0085bbfd349982d7", size = 223197, upload-time = "2026-08-03T21:20:59.968Z" },
    { url = "https://files.pythonhosted.org/packages/f8/7e/8debeb04f1ab9fe2a6963964cd6f1aaf7192627b83926586a6a4e089c9fa/cffi-2.1.1-cp315-cp315-win32.whl", hash = "sha256:4f42141fc14250de6dde5ee7ea4432be017252d91f19c5ad043c084cea629cac", size = 177683, upload-time = "2026-08-03T21:21:14.901Z" },
    { url = "https://files.pythonhosted.org/packages/e0/31/5158704cc474ab65c1647932e88be78dc0873f47130e253be38bcaf13d01/cffi-2.1.1-cp315-cp315-win_amd64.whl", hash = "sha256:e6e8cff14d6fb0be70a09c0bdc58096f501952d04624ebf867e0e56da2df8960", size = 187897, upload-time = "2026-08-03T21:21:16.108Z" },
    { url = "https://files.pythonhosted.org/packages/cc/4b/b3a2da8570c704ffc0f9762cdc3ec0f02c8573798e0b5cf7f11c82bbb70f/cffi-2.1.1-cp315-cp315-win_arm64.whl", hash = "sha256:27350daa11d4f10c540e6e89dada4c54feb7256ad03e9a4dc075ebad7ba360d1", size = 182935, upload-time = "2026-08-03T21:21:17.271Z" },
    { url = "https://files.pythonhosted.org/packages/d0/ef/5443574510a1207e6f6bc38ba6e1f1de36cb48fef07b2728bb896a21f430/cffi-2.1.1-cp315-cp315t-macosx_10_15_x86_64.whl", hash = "sha256:c26608d2222fb1e94487e4a387d85f13eb55d5ed725cb25a0c589ac4ee60e7bc", size = 188464, upload-time = "2026-08-03T21:21:01.163Z" },
    { url = "https://files.pythonhosted.org/packages/7e/ae/a56fa8c4686ad50e148fcbc8d3ae0d03915ff5c30d795058988c24118cef/cffi-2.1.1-cp315-cp315t-macosx_11_0_arm64.whl", hash = "sha256:4be96343e422f2dfcd12ab5c9f5aebe03f82f737c6bffeca6830b3875cb44aab", size = 188262, upload-time = "2026-08-03T21:21:02.382Z" },
    { url = "https://files.pythonhosted.org/packages/53/b2/6187f46f2912276a3ae284076109cc5c8680482f11f766ccf26db4a86427/cffi-2.1.1-cp315-cp315t-manylinux2014_aarch64.manylinux_2_17_aarch64.whl", hash = "sha256:937c0052c05a31ca1daf18de3158eed4dbfcb9cc107adbea227728d647be701e", size = 223779, upload-time = "2026-08-03T21:21:03.553Z" },
    { url = "https://files.pythonhosted.org/packages/8a/f6/c3ad28bd19f77047a03084424fbd4cbe997303267c14423737324be0385d/cffi-2.1.1-cp315-cp315t-manylinux2014_ppc64le.manylinux_2_17_ppc64le.whl", hash = "sha256:df423d40ee8654634421812bc3b196da3f9bd7d32929da813f8394c4348a5358", size = 211520, upload-time = "2026-08-03T21:21:04.863Z" },
    { url = "https://files.pythonhosted.org/packages/a0/cd/ccac9013a5bd9fd764de118674ab9c805b5ca10c19270d90ee273f8b2240/cffi-2.1.1-cp315-cp315t-manylinux2014_s390x.manylinux_2_17_s390x.whl", hash = "sha256:a730a083190634c65cca36ba5f489531576ebd79bcd5c8e172130f6453127231", size = 210673, upload-time = "2026-08-03T21:21:06.223Z" },
    { url = "https://files.pythonhosted.org/packages/52/86/2976131c639aead931c5bee5aba67e4b09fbeb8018b6f282f70803f923a7/cffi-2.1.1-cp315-cp315t-manylinux2014_x86_64.manylinux_2_17_x86_64.whl", hash = "sha256:363e05fa78e15116c3c32c210ee36884fd6b9afa6d440e47112c3bd511d64cb6", size = 223835, upload-time = "2026-08-03T21:21:07.539Z" },
    { url = "https://files.pythonhosted.org/packages/ac/0c/33a7aeab2f9c76918c52e084beb39c570db3588133412929e8ec06fab90b/cffi-2.1.1-cp315-cp315t-musllinux_1_2_aarch64.whl", hash = "sha256:770de9db11e84213beec501cfcaa013b019820ca881e03344dea5844f7876d94", size = 226705, upload-time = "2026-08-03T21:21:08.774Z" },
    { url = "https://files.pythonhosted.org/packages/e3/26/2cde30fdde421130bfc18f70395731a6e6b2053c6a1978a5258ff04e72fa/cffi-2.1.1-cp315-cp315t-musllinux_1_2_x86_64.whl", hash = "sha256:7da0c5eff80f0197f3b3d1232ec5a682a9325f4ae9016a78f5f5ca35f9ced1f5", size = 225539, upload-time = "2026-08-03T21:21:09.911Z" },
    { url = "https://files.pythonhosted.org/packages/6d/cd/a361394c94b2129d604bb846f624a8e88255a3ee33129c434a00d715e64f/cffi-2.1.1-cp315-cp315t-win32.whl", hash = "sha256:06c72bb76605a4b0cd0aad6930b69d4baf7dd5d806cfc409b824191099700e66", size = 182707, upload-time = "2026-08-03T21:21:11.226Z" },
    { url = "https://files.pythonhosted.org/packages/9b/b5/ba2b299993c26577d529b6ae29841f9e15b9fcf004d65f423f4fcf94ade9/cffi-2.1.1-cp315-cp315t-win_amd64.whl", hash = "sha256:d9c275eaacd24aa73f94ffd6de08fc3f932424d8b6c376f4bed7cde376fe7bc3", size = 193772, upload-time = "2026-08-03T21:21:12.39Z" },
    { url = "https://files.pythonhosted.org/packages/aa/29/35e016098c814cd93de9cd320c66b5bfba14dc6ecedd3cb518fa7c408c69/cffi-2.1.1-cp315-cp315t-win_arm64.whl", hash = "sha256:d18e5ac0f2f03f4f518d3e23db0f0cad7faa1da8620e9c09461d443bbf6e6692", size = 186360, upload-time = "2026-08-03T21:21:13.636Z" },
]

[[package]]
name = "game"
version = "0.1.0"
source = { editable = "." }
dependencies = [
    { name = "pygame-ce" },
    { name = "pymunk" },
    { name = "pyxel" },
]

[package.metadata]
requires-dist = [
    { name = "pygame-ce", specifier = ">=2.5.8" },
    { name = "pymunk", specifier = ">=7.3.0" },
    { name = "pyxel", specifier = ">=2.9.9" },
]

[[package]]
name = "pycparser"
version = "3.0"
source = { registry = "https://pypi.org/simple" }
sdist = { url = "https://files.pythonhosted.org/packages/1b/7d/92392ff7815c21062bea51aa7b87d45576f649f16458d78b7cf94b9ab2e6/pycparser-3.0.tar.gz", hash = "sha256:600f49d217304a5902ac3c37e1281c9fe94e4d0489de643a9504c5cdfdfc6b29", size = 103492, upload-time = "2026-01-21T14:26:51.89Z" }
wheels = [
    { url = "https://files.pythonhosted.org/packages/0c/c3/44f3fbbfa403ea2a7c779186dc20772604442dde72947e7d01069cbe98e3/pycparser-3.0-py3-none-any.whl", hash = "sha256:b727414169a36b7d524c1c3e31839a521725078d7b2ff038656844266160a992", size = 48172, upload-time = "2026-01-21T14:26:50.693Z" },
]

[[package]]
name = "pygame-ce"
version = "2.5.8"
source = { registry = "https://pypi.org/simple" }
sdist = { url = "https://files.pythonhosted.org/packages/26/2d/0f942ec31d558a6a1f2fd0df9965ff0055f165ed5b8d36f6509b1f3768a2/pygame_ce-2.5.8.tar.gz", hash = "sha256:3c8e69088ead310037972c391306ea58e74d7296b35d1890067749235fd554ba", size = 5300831, upload-time = "2026-08-09T11:39:49.226Z" }
wheels = [
    { url = "https://files.pythonhosted.org/packages/4d/e6/8e83904cf4184223419345a78c905e7c1ace10228befd87eb497ba015c8c/pygame_ce-2.5.8-cp314-cp314-macosx_10_15_universal2.whl", hash = "sha256:7ec4efa6b57a194f5ad51b92211cc74b485320df951b0cc870235b2b889b9b6d", size = 16571019, upload-time = "2026-08-09T11:39:00.084Z" },
    { url = "https://files.pythonhosted.org/packages/2e/f3/4f90a0b5e86635d741111084eaa4d4c65fcab2f461edb8c9efa502e4c630/pygame_ce-2.5.8-cp314-cp314-manylinux2014_aarch64.manylinux_2_17_aarch64.whl", hash = "sha256:bb91d0bb0b5e2a4da61910d752769d4580cacffb4b7338cee57c932351c67e7b", size = 12051251, upload-time = "2026-08-09T11:39:02.561Z" },
    { url = "https://files.pythonhosted.org/packages/99/7e/b0c4f5d43261e8707353ef40cf6620d46d42f43a502c236e93ce6ea82e7b/pygame_ce-2.5.8-cp314-cp314-manylinux2014_i686.manylinux_2_17_i686.whl", hash = "sha256:68bd9c4ac42bb2549c034d56399404f16c87c56714db721ed975a759798a3d16", size = 12585932, upload-time = "2026-08-09T11:39:04.989Z" },
    { url = "https://files.pythonhosted.org/packages/dd/62/06f0ceb7f5a154e0071a4ce81a16de47b9f3b85034fa391686d489d15be5/pygame_ce-2.5.8-cp314-cp314-manylinux2014_x86_64.manylinux_2_17_x86_64.whl", hash = "sha256:0027bd2255cbb39789d9c7ff95a5f040f56d1cfeb09504497447c0ee06169a24", size = 12147357, upload-time = "2026-08-09T11:39:07.433Z" },
    { url = "https://files.pythonhosted.org/packages/05/57/14d6b40318af71cf20e4c750866795424e018f79c5a5cf3a9a74a8717c4c/pygame_ce-2.5.8-cp314-cp314-win32.whl", hash = "sha256:c5285d444e4b789ef95522bbd2b90433163ad2b89e0ae4891236fde88a027fbd", size = 9255121, upload-time = "2026-08-09T11:39:09.723Z" },
    { url = "https://files.pythonhosted.org/packages/f1/31/92d32a9bf9b78e9ef10cec7224e2f00efc957757505822af8dc4225e9b41/pygame_ce-2.5.8-cp314-cp314-win_amd64.whl", hash = "sha256:b4c2e28c201240199356952e6bd0221969d2eb8a1a15c3454d77db209bad7891", size = 9833757, upload-time = "2026-08-09T11:39:11.989Z" },
    { url = "https://files.pythonhosted.org/packages/5a/26/4024483d4a3161ed8fb8d3f3f4957580af31d468e0c31df7e6038f45ccdc/pygame_ce-2.5.8-cp314-cp314-win_arm64.whl", hash = "sha256:b23034594412456504822d3088cf5f292f63bbe415eac29735340a59999e4116", size = 10410381, upload-time = "2026-08-09T11:39:14.417Z" },
    { url = "https://files.pythonhosted.org/packages/fd/11/0b47f80b261d6379c86b9cc3fa405af5bd62af10506de7e28c2275d67b86/pygame_ce-2.5.8-cp315-cp315-macosx_10_15_universal2.whl", hash = "sha256:0a4e0804d53bae8d9aa5192fc2259b40dd084b48ea273dd7dd6e1c12b73303c4", size = 16571139, upload-time = "2026-08-09T11:39:16.979Z" },
    { url = "https://files.pythonhosted.org/packages/f1/95/694cd02641a0c0956b6c5919b56599af302524ac133551b654f550f28919/pygame_ce-2.5.8-cp315-cp315-manylinux2014_aarch64.manylinux_2_17_aarch64.whl", hash = "sha256:d7f03d38b3693c014dd47d4e281620b6756669129e545af1cd608a9484582846", size = 12051154, upload-time = "2026-08-09T11:39:19.873Z" },
    { url = "https://files.pythonhosted.org/packages/da/5e/bed22b0d07d9e96bb9a448acc9da7a235f046280264c33476f0c0753d302/pygame_ce-2.5.8-cp315-cp315-manylinux2014_i686.manylinux_2_17_i686.whl", hash = "sha256:d084b79535f3529aa157edd9401f4f33e5082f318d287029291d6596bb225105", size = 12585976, upload-time = "2026-08-09T11:39:22.555Z" },
    { url = "https://files.pythonhosted.org/packages/21/ce/8c167ba5ba736e372730ae29ef0f8cb2e62a88580e647ae987bc112eb1cb/pygame_ce-2.5.8-cp315-cp315-manylinux2014_x86_64.manylinux_2_17_x86_64.whl", hash = "sha256:d9cbf6e2648ae6d76aa8ece82187d240300cfd9f4c90860e1e466f78cf0ab14a", size = 12147466, upload-time = "2026-08-09T11:39:24.935Z" },
    { url = "https://files.pythonhosted.org/packages/63/92/c99ed51479f2d2a5d7fc9d5aa3b880e4c0fcc87f30cb95ecf325f35dd2fd/pygame_ce-2.5.8-cp315-cp315-win32.whl", hash = "sha256:312a01ff5439a0bd2e55b56683518454da4cbe4cad493d0580e9c49f6aacc2d8", size = 9254928, upload-time = "2026-08-09T11:39:29.525Z" },
    { url = "https://files.pythonhosted.org/packages/87/41/404836598d666ffe02681fd0c29f013daaa8baf18e5de5f7a5d4870b6105/pygame_ce-2.5.8-cp315-cp315-win_amd64.whl", hash = "sha256:5b789aa7e4239be025c9de8428c2c422f0811f0e3dd702b574d836fd9ae040eb", size = 9833657, upload-time = "2026-08-09T11:39:31.897Z" },
    { url = "https://files.pythonhosted.org/packages/5f/a2/7a844f772c6f0967e75d49cb10602fbb878b9daee1cc080d2b9597bcc873/pygame_ce-2.5.8-cp315-cp315-win_arm64.whl", hash = "sha256:28c4fed3870e3edf72ea7ea359bb5f64c55db0fb9cb3bdb26b4b674b4b4bcff4", size = 10410231, upload-time = "2026-08-09T11:39:34.184Z" },
]

[[package]]
name = "pymunk"
version = "7.3.0"
source = { registry = "https://pypi.org/simple" }
dependencies = [
    { name = "cffi" },
]
sdist = { url = "https://files.pythonhosted.org/packages/e3/28/988198dded8d0c9efcd872dd5bafa5e25654f29f500a4601c4c6fcb5b379/pymunk-7.3.0.tar.gz", hash = "sha256:11de74fdce68f47514c2e6e58ef5502a0bb68ba1c3c77e4e359baa466e9d4c16", size = 3553081, upload-time = "2026-06-17T20:21:24.34Z" }
wheels = [
    { url = "https://files.pythonhosted.org/packages/20/89/dfa5462e2a357916a0af58f65fe2ace8418b01cfabe91e78c830495abcc3/pymunk-7.3.0-cp314-cp314-macosx_10_15_x86_64.whl", hash = "sha256:07503037172b352134f4da3398476e20d905173c0f760063853960a4c766c04b", size = 371137, upload-time = "2026-06-17T20:16:52.917Z" },
    { url = "https://files.pythonhosted.org/packages/57/27/7aeaebf2cd7e2b30f1a0d4a4e6a295b57ba10656f0810f946e55833806cb/pymunk-7.3.0-cp314-cp314-macosx_11_0_arm64.whl", hash = "sha256:d487e49a845c75c596c9fc76c542d8d9ce60d239b879a5094f82ba1fecdb5c88", size = 350908, upload-time = "2026-06-17T20:16:54.901Z" },
    { url = "https://files.pythonhosted.org/packages/25/38/58a525b873c12d0cf83389702086c8206186a4322b3d4faf6b8380eaf6db/pymunk-7.3.0-cp314-cp314-manylinux2014_aarch64.manylinux_2_17_aarch64.manylinux_2_28_aarch64.whl", hash = "sha256:9feea064d91b9b0dc3d50dd986e4176c579ac58697ded4f1b618fcb2a90eb8e6", size = 984699, upload-time = "2026-06-17T20:16:57.063Z" },
    { url = "https://files.pythonhosted.org/packages/49/c1/bdcf3698363d7c319262f762ad0220c20b0eccf0979a25822117b36615a9/pymunk-7.3.0-cp314-cp314-manylinux2014_x86_64.manylinux_2_17_x86_64.manylinux_2_28_x86_64.whl", hash = "sha256:cbeaca2763db52220728c60532afd2883bbf13115e8c6697af71546cb1863db4", size = 1011858, upload-time = "2026-06-17T20:16:59.649Z" },
    { url = "https://files.pythonhosted.org/packages/de/69/96e296a59a2e744f5f0bd87c7b20853b9db88a88b69bdee51240506b3354/pymunk-7.3.0-cp314-cp314-musllinux_1_2_aarch64.whl", hash = "sha256:f1c4d3a93ed69423d0fd995606d41c051cff6e3a87b8fad58c63e86a06bd5d85", size = 982295, upload-time = "2026-06-17T20:17:02.272Z" },
    { url = "https://files.pythonhosted.org/packages/0a/a1/b6609005bad223ffbb832d1fd112528095fded382366b11fa63dc9d7a52c/pymunk-7.3.0-cp314-cp314-musllinux_1_2_x86_64.whl", hash = "sha256:d98e1cd515cfb433d55b2b69e413ae69efabc6729ece210ba02e07a865b74870", size = 1011748, upload-time = "2026-06-17T20:17:04.773Z" },
    { url = "https://files.pythonhosted.org/packages/74/ee/9b6ebc6348ecfb117bf5de43fcc521cff38e25f54bce6d25ea9eff3fc4b9/pymunk-7.3.0-cp314-cp314-pyemscripten_2026_0_wasm32.whl", hash = "sha256:0fb2033501ea10e65cad23f93e9ec7c780ebb95aa404404b01a24c4e595f78d3", size = 217876, upload-time = "2026-06-17T20:17:07.287Z" },
    { url = "https://files.pythonhosted.org/packages/bd/96/d139dd2ca2a2259259b09ba1105e35de44232cb1ba2e40333732a1025efc/pymunk-7.3.0-cp314-cp314-win32.whl", hash = "sha256:9c34f3ecc18cb57420d01ae7c7e06ee82a506314e2132d62beb4519d1f9f62db", size = 321588, upload-time = "2026-06-17T20:17:09.184Z" },
    { url = "https://files.pythonhosted.org/packages/e3/71/f82a01d96c00be36e916afb50b380069b9da09750a983dd0017cc3a62fb5/pymunk-7.3.0-cp314-cp314-win_amd64.whl", hash = "sha256:31ec95a3b6901b1f1eba2e6324746d832d4b0853f907b64920bc626de6eef1f5", size = 374863, upload-time = "2026-06-17T20:17:10.864Z" },
    { url = "https://files.pythonhosted.org/packages/7e/6d/8f9fcae451a63bc487fdf1f233faf30fa6959f43db57f0e8d9153e44e9a4/pymunk-7.3.0-cp314-cp314t-macosx_10_15_x86_64.whl", hash = "sha256:3b78b9224f6d6de596ab9ab9216ed67e5505a4c76ad00b0a0cc0180b88923ac8", size = 371893, upload-time = "2026-06-17T20:17:12.68Z" },
    { url = "https://files.pythonhosted.org/packages/ff/d9/9826bf3d26c6f5ac1872e52a22d06a5012923e56f1f6620625913c2a3fe8/pymunk-7.3.0-cp314-cp314t-macosx_11_0_arm64.whl", hash = "sha256:3a9e4efdb07a8d6f49386a5faf1d3f8d99dae84fb8b21b64ddeb82509f675a8b", size = 351424, upload-time = "2026-06-17T20:17:14.434Z" },
    { url = "https://files.pythonhosted.org/packages/01/53/c16e23df2f74633538a066b4208a0fe15e8f6c330d590fe9c5036699c215/pymunk-7.3.0-cp314-cp314t-manylinux2014_aarch64.manylinux_2_17_aarch64.manylinux_2_28_aarch64.whl", hash = "sha256:cf567f1fc9742007992874e2580ddc766a810d8d3390bc760e3eb33f838bf0c3", size = 1016391, upload-time = "2026-06-17T20:17:17.111Z" },
    { url = "https://files.pythonhosted.org/packages/ba/58/5d9498b05408290af484f315228659d672562fca4a129dc192213eabde04/pymunk-7.3.0-cp314-cp314t-manylinux2014_x86_64.manylinux_2_17_x86_64.manylinux_2_28_x86_64.whl", hash = "sha256:9b953e19bda5b67a936ad351aad80ff91a18b78fcdbe5ba11f90d446ec1c9e12", size = 1040398, upload-time = "2026-06-17T20:17:19.821Z" },
    { url = "https://files.pythonhosted.org/packages/2f/71/41103cbf51464a3d10752b7225788fd6591a091d549bf3911458ab902590/pymunk-7.3.0-cp314-cp314t-musllinux_1_2_aarch64.whl", hash = "sha256:1d0373bb807e11a5bf98eb6ede2c281ca47b4bee579a249762ea58c58d0b89fb", size = 1013887, upload-time = "2026-06-17T20:17:22.626Z" },
    { url = "https://files.pythonhosted.org/packages/f3/5f/b07fb6495b647f8558b657ecde92bab197f2ae57b80ab8c11899c185f045/pymunk-7.3.0-cp314-cp314t-musllinux_1_2_x86_64.whl", hash = "sha256:0aae14da488b5fd6f7f5d70c3e4d21a8a576476515af6159106001fbc74d8de0", size = 1038486, upload-time = "2026-06-17T20:17:25.366Z" },
    { url = "https://files.pythonhosted.org/packages/d1/7e/64e860830ea5a17bdac182ebc76106da8f91662b39228038cd70a3f4fb89/pymunk-7.3.0-cp314-cp314t-win32.whl", hash = "sha256:296561287949dafbdccca038a3dd1d7a6b8d5c79dc3b2c7ce72d1a2d2f7ef3fe", size = 322795, upload-time = "2026-06-17T20:17:27.314Z" },
    { url = "https://files.pythonhosted.org/packages/19/cf/4670ae13e2cb8cb5fcb0719817ea39963cf40ca011f3b01c5139a8096676/pymunk-7.3.0-cp314-cp314t-win_amd64.whl", hash = "sha256:37ec55fae684f8690b8e112ceb20cda5deb9291c2cbfd8ec2760a8d2926fec22", size = 375813, upload-time = "2026-06-17T20:17:29.426Z" },
]

[[package]]
name = "pyxel"
version = "2.9.9"
source = { registry = "https://pypi.org/simple" }
wheels = [
    { url = "https://files.pythonhosted.org/packages/b5/1f/6c6d805e19210b1b69915429423ee4433953c1ba932ff5f82bf24cea50ce/pyxel-2.9.9-cp311-abi3-macosx_10_13_x86_64.whl", hash = "sha256:1cd599ce3a7c3f966f496aeb60ca16324403daf1eadfae0f0cd697eb79670b1f", size = 7420687, upload-time = "2026-08-12T07:50:59.079Z" },
    { url = "https://files.pythonhosted.org/packages/76/1f/016f69a9dc5f2c110e05833d8262856008db095bc5b4014a936760fd7e9a/pyxel-2.9.9-cp311-abi3-macosx_11_0_arm64.whl", hash = "sha256:fdd3eaa6cf8efc850a70691679566cc8ef33305a80f03ab3a6f57b4905cbe8ed", size = 6969838, upload-time = "2026-08-12T07:51:00.824Z" },
    { url = "https://files.pythonhosted.org/packages/8f/e4/0d1298cc729fd32e37988febe519aee19db8bacf5a5d8e37bb9d076bb7f0/pyxel-2.9.9-cp311-abi3-manylinux_2_28_aarch64.whl", hash = "sha256:2a8c896dd8854eede7992c22878903333a69b6acfabb874f8aefbdee519c2ca1", size = 7494446, upload-time = "2026-08-12T07:51:02.137Z" },
    { url = "https://files.pythonhosted.org/packages/82/26/193b61c745aebb0bcce069749aac3a6352292546a0f5912a3f7128b8c444/pyxel-2.9.9-cp311-abi3-manylinux_2_28_armv7l.whl", hash = "sha256:0842b47d825d4efc12c6c87ea36f5962a9534da4f87c8511f15a0a665e873f59", size = 7536812, upload-time = "2026-08-12T07:51:03.552Z" },
    { url = "https://files.pythonhosted.org/packages/67/51/d7698d4686a0fd00233cd410b65b5e5a2d49a1a27a84cf8b7cdb3f9de307/pyxel-2.9.9-cp311-abi3-manylinux_2_28_x86_64.whl", hash = "sha256:f63ef27bc2e92f085691c694a28ec774ba8b668bdf9c608fbaa9aae5c9d82518", size = 8166478, upload-time = "2026-08-12T07:51:04.92Z" },
    { url = "https://files.pythonhosted.org/packages/78/e0/5ac960f97fd4710670cebee0f6aa2fc326d8225982f3cb5056c05910ce09/pyxel-2.9.9-cp311-abi3-win32.whl", hash = "sha256:518ae3d0bc3c4853fad830e0850cbebe22f39994f106bb1829260aabfa816618", size = 6996888, upload-time = "2026-08-12T07:51:07.865Z" },
    { url = "https://files.pythonhosted.org/packages/e8/74/041e1bd6a42cc9c529c2ace305534f70fbe58e808b64e4908196352e99e8/pyxel-2.9.9-cp311-abi3-win_amd64.whl", hash = "sha256:1a88a08c7bf06edcb8750b276fc13069d1fdbc6b999c455f4001500420406d17", size = 7533491, upload-time = "2026-08-12T07:51:06.445Z" },
]
